
Microsoft Visual Studio Solution File, Format Version 12.00
# Visual Studio Version 17
VisualStudioVersion = 17.14.35906.104
MinimumVisualStudioVersion = 10.0.40219.1
Project("{2150E333-8FDC-42A3-9474-1A3956D46DE8}") = "FrontEnd", "FrontEnd", "{02EA681E-C7D8-13C7-8484-4AC65E1B71E8}"
EndProject
Project("{2150E333-8FDC-42A3-9474-1A3956D46DE8}") = "Gateway", "Gateway", "{CF98420A-95DD-4D7C-9E28-92D95E15FEC8}"
EndProject
Project("{2150E333-8FDC-42A3-9474-1A3956D46DE8}") = "Integration", "Integration", "{BF581ECE-0EB5-49C1-8756-42DF652051AB}"
EndProject
Project("{2150E333-8FDC-42A3-9474-1A3956D46DE8}") = "Services", "Services", "{F0F5FB34-B7F1-4627-955D-F2E0A2214875}"
EndProject
Project("{FAE04EC0-301F-11D3-BF4B-00C04F79EFBC}") = "Mango.Services.CouponApi", "Mango.Services.CouponApi\Mango.Services.CouponApi.csproj", "{F821D001-298E-4F5C-97DD-8F828299A2AC}"
EndProject
Project("{FAE04EC0-301F-11D3-BF4B-00C04F79EFBC}") = "Mango.Web.UI", "Mango.Web.UI\Mango.Web.UI.csproj", "{E0FC2130-2CE0-4A59-A41F-87C33D3B35F3}"
EndProject
Project("{FAE04EC0-301F-11D3-BF4B-00C04F79EFBC}") = "Mango.Services.AuthApi", "Mango.Services.AuthApi\Mango.Services.AuthApi.csproj", "{5CE2D0BC-0928-40BB-B2F4-1760B6345E3B}"
EndProject
Project("{FAE04EC0-301F-11D3-BF4B-00C04F79EFBC}") = "Mango.Services.ProductApi", "Mango.Services.ProductApi\Mango.Services.ProductApi.csproj", "{6AA47F18-1391-484E-B61E-DBFFF8BFC1DF}"
EndProject
Global
	GlobalSection(SolutionConfigurationPlatforms) = preSolution
		Debug|Any CPU = Debug|Any CPU
		Release|Any CPU = Release|Any CPU
	EndGlobalSection
	GlobalSection(ProjectConfigurationPlatforms) = postSolution
		{F821D001-298E-4F5C-97DD-8F828299A2AC}.Debug|Any CPU.ActiveCfg = Debug|Any CPU
		{F821D001-298E-4F5C-97DD-8F828299A2AC}.Debug|Any CPU.Build.0 = Debug|Any CPU
		{F821D001-298E-4F5C-97DD-8F828299A2AC}.Release|Any CPU.ActiveCfg = Release|Any CPU
		{F821D001-298E-4F5C-97DD-8F828299A2AC}.Release|Any CPU.Build.0 = Release|Any CPU
		{E0FC2130-2CE0-4A59-A41F-87C33D3B35F3}.Debug|Any CPU.ActiveCfg = Debug|Any CPU
		{E0FC2130-2CE0-4A59-A41F-87C33D3B35F3}.Debug|Any CPU.Build.0 = Debug|Any CPU
		{E0FC2130-2CE0-4A59-A41F-87C33D3B35F3}.Release|Any CPU.ActiveCfg = Release|Any CPU
		{E0FC2130-2CE0-4A59-A41F-87C33D3B35F3}.Release|Any CPU.Build.0 = Release|Any CPU
		{5CE2D0BC-0928-40BB-B2F4-1760B6345E3B}.Debug|Any CPU.ActiveCfg = Debug|Any CPU
		{5CE2D0BC-0928-40BB-B2F4-1760B6345E3B}.Debug|Any CPU.Build.0 = Debug|Any CPU
		{5CE2D0BC-0928-40BB-B2F4-1760B6345E3B}.Release|Any CPU.ActiveCfg = Release|Any CPU
		{5CE2D0BC-0928-40BB-B2F4-1760B6345E3B}.Release|Any CPU.Build.0 = Release|Any CPU
		{6AA47F18-1391-484E-B61E-DBFFF8BFC1DF}.Debug|Any CPU.ActiveCfg = Debug|Any CPU
		{6AA47F18-1391-484E-B61E-DBFFF8BFC1DF}.Debug|Any CPU.Build.0 = Debug|Any CPU
		{6AA47F18-1391-484E-B61E-DBFFF8BFC1DF}.Release|Any CPU.ActiveCfg = Release|Any CPU
		{6AA47F18-1391-484E-B61E-DBFFF8BFC1DF}.Release|Any CPU.Build.0 = Release|Any CPU
	EndGlobalSection
	GlobalSection(SolutionProperties) = preSolution
		HideSolutionNode = FALSE
	EndGlobalSection
	GlobalSection(NestedProjects) = preSolution
		{F821D001-298E-4F5C-97DD-8F828299A2AC} = {F0F5FB34-B7F1-4627-955D-F2E0A2214875}
		{E0FC2130-2CE0-4A59-A41F-87C33D3B35F3} = {02EA681E-C7D8-13C7-8484-4AC65E1B71E8}
		{5CE2D0BC-0928-40BB-B2F4-1760B6345E3B} = {F0F5FB34-B7F1-4627-955D-F2E0A2214875}
		{6AA47F18-1391-484E-B61E-DBFFF8BFC1DF} = {F0F5FB34-B7F1-4627-955D-F2E0A2214875}
	EndGlobalSection
	GlobalSection(ExtensibilityGlobals) = postSolution
		SolutionGuid = {EC08B6DD-85AF-4D68-9B7F-EB4FECC36023}
	EndGlobalSection
EndGlobal
